{
  "requires": true,
  "lockfileVersion": 1,
  "dependencies": {
    "systemjs": {
      "version": "6.1.5",
      "resolved": "https://registry.npmjs.org/systemjs/-/systemjs-6.1.5.tgz",
      "integrity": "sha512-/GKRr2FfyL2zP8ztAe59nmys/cPwgwJlPbylmkKm8cetCe5xWLBPkjw18I04wMomjciZxKXwO8pzgA8VesIflA=="
    }
  }
}
